<?xml version="1.0" encoding="utf-8"?>
<Project ToolsVersion="4.0" xmlns="http://schemas.microsoft.com/developer/msbuild/2003">
  <ItemGroup>
    <Filter Include="Core">
      <UniqueIdentifier>{becf71ea-f937-4e00-b0cd-fd1d80bd2db8}</UniqueIdentifier>
    </Filter>
    <Filter Include="Core\Header">
      <UniqueIdentifier>{df80b866-0b8f-4a6f-aea0-c52e69ac7f30}</UniqueIdentifier>
    </Filter>
    <Filter Include="Core\Header\Utility">
      <UniqueIdentifier>{cc3a8b22-4231-43a8-8b9e-c6a62a6d7b07}</UniqueIdentifier>
    </Filter>
    <Filter Include="Core\Header\Vulkan">
      <UniqueIdentifier>{45a99c24-13f1-410b-b7ff-1d7720c08071}</UniqueIdentifier>
    </Filter>
    <Filter Include="Core\Header\Window">
      <UniqueIdentifier>{57a6b3dd-e666-41f9-bf21-86379b7032f0}</UniqueIdentifier>
    </Filter>
  </ItemGroup>
  <ItemGroup>
    <ClInclude Include="ManagedObject.h">
      <Filter>Core\Header\Utility</Filter>
    </ClInclude>
    <ClInclude Include="Macro.h">
      <Filter>Core\Header\Utility</Filter>
    </ClInclude>
    <ClInclude Include="VulkanDevice.h">
      <Filter>Core\Header\Vulkan</Filter>
    </ClInclude>
    <ClInclude Include="WindowsApplication.h">
      <Filter>Core\Header\Window</Filter>
    </ClInclude>
    <ClInclude Include="VulkanInstance.h">
      <Filter>Core\Header\Vulkan</Filter>
    </ClInclude>
    <ClInclude Include="VulkanDebug.h">
      <Filter>Core\Header\Vulkan</Filter>
    </ClInclude>
    <ClInclude Include="VulkanExtension.h">
      <Filter>Core\Header\Vulkan</Filter>
    </ClInclude>
    <ClInclude Include="VulkanQueue.h">
      <Filter>Core\Header\Vulkan</Filter>
    </ClInclude>
  </ItemGroup>
  <ItemGroup>
    <ClCompile Include="main.cpp" />
    <ClCompile Include="WindowsApplication.cpp">
      <Filter>Core\Header\Window</Filter>
    </ClCompile>
    <ClCompile Include="VulkanExtension.cpp">
      <Filter>Core\Header\Vulkan</Filter>
    </ClCompile>
    <ClCompile Include="VulkanDevice.cpp">
      <Filter>Core\Header\Vulkan</Filter>
    </ClCompile>
    <ClCompile Include="VulkanDebug.cpp">
      <Filter>Core\Header\Vulkan</Filter>
    </ClCompile>
    <ClCompile Include="VulkanInstance.cpp">
      <Filter>Core\Header\Vulkan</Filter>
    </ClCompile>
    <ClCompile Include="VulkanQueue.cpp">
      <Filter>Core\Header\Vulkan</Filter>
    </ClCompile>
  </ItemGroup>
</Project>