<?xml version="1.0" encoding="utf-8"?>
<Project ToolsVersion="4.0" xmlns="http://schemas.microsoft.com/developer/msbuild/2003">
  <ItemGroup>
    <ClCompile Include="main.cpp" />
    <ClCompile Include="Source\Renderer\Source\VulkanBuffer.cpp" />
    <ClCompile Include="Source\Renderer\Source\VulkanCommandBuffers.cpp" />
    <ClCompile Include="Source\Renderer\Source\VulkanCommandPool.cpp" />
    <ClCompile Include="Source\Renderer\Source\VulkanDescriptorPool.cpp" />
    <ClCompile Include="Source\Renderer\Source\VulkanDescriptorSet.cpp" />
    <ClCompile Include="Source\Renderer\Source\VulkanDescriptorSetLayout.cpp" />
    <ClCompile Include="Source\Renderer\Source\VulkanMaterial.cpp" />
    <ClCompile Include="Source\Renderer\Source\VulkanPipeline.cpp" />
    <ClCompile Include="Source\Renderer\Source\VulkanSemaphore.cpp" />
    <ClCompile Include="Source\Renderer\Source\VulkanTexture.cpp" />
    <ClCompile Include="Source\Window\Source\WindowsWindow.cpp" />
    <ClCompile Include="Source\Renderer\Source\VulkanSwapchain.cpp" />
    <ClCompile Include="Source\Renderer\Source\VulkanDevice.cpp" />
    <ClCompile Include="Source\Renderer\Source\VulkanExtension.cpp" />
    <ClCompile Include="Source\Renderer\Source\VulkanImage.cpp" />
    <ClCompile Include="Source\Renderer\Source\VulkanInstance.cpp" />
    <ClCompile Include="Source\Renderer\Source\VulkanQueue.cpp" />
    <ClCompile Include="Source\Renderer\Source\VulkanRenderPass.cpp" />
    <ClCompile Include="Source\Renderer\Source\VulkanShaderModule.cpp" />
    <ClCompile Include="Source\Renderer\Source\VulkanDebug.cpp" />
    <ClCompile Include="Source\Application\Source\Application.cpp" />
    <ClCompile Include="Source\Application\Source\Camera.cpp" />
    <ClCompile Include="Source\Application\Source\Entity.cpp" />
    <ClCompile Include="Source\Application\Source\EntityPool.cpp" />
    <ClCompile Include="Source\Application\Source\Mesh.cpp" />
    <ClCompile Include="Source\Application\Source\PipelineManager.cpp" />
    <ClCompile Include="Source\Application\Source\Scene.cpp" />
    <ClCompile Include="Source\Application\Source\SceneManager.cpp" />
    <ClCompile Include="Source\Application\Source\Time.cpp" />
  </ItemGroup>
  <ItemGroup>
    <ClInclude Include="Source\TestScene.h" />
    <ClInclude Include="Source\Renderer\Header\VertexInformation.h" />
    <ClInclude Include="Source\Renderer\Header\VulkanBuffer.h" />
    <ClInclude Include="Source\Renderer\Header\VulkanCommandBuffers.h" />
    <ClInclude Include="Source\Renderer\Header\VulkanCommandPool.h" />
    <ClInclude Include="Source\Renderer\Header\VulkanDescriptorPool.h" />
    <ClInclude Include="Source\Renderer\Header\VulkanDescriptorSet.h" />
    <ClInclude Include="Source\Renderer\Header\VulkanMaterial.h" />
    <ClInclude Include="Source\Renderer\Header\VulkanPipeline.h" />
    <ClInclude Include="Source\Renderer\Header\VulkanSemaphore.h" />
    <ClInclude Include="Source\Renderer\Header\VulkanTexture.h" />
    <ClInclude Include="Source\Application\Header\AssetManager.h" />
    <ClInclude Include="Source\Application\Header\Camera.h" />
    <ClInclude Include="Source\Application\Header\Entity.h" />
    <ClInclude Include="Source\Application\Header\EntityPool.h" />
    <ClInclude Include="Source\Application\Header\Mesh.h" />
    <ClInclude Include="Source\Application\Header\PipelineManager.h" />
    <ClInclude Include="Source\Application\Header\Scene.h" />
    <ClInclude Include="Source\Application\Header\SceneManager.h" />
    <ClInclude Include="Source\Application\Header\TextureManager.h" />
    <ClInclude Include="Source\Application\Header\Time.h" />
    <ClInclude Include="Source\Utility\Header\TSingleton.h" />
    <ClInclude Include="Source\Window\Header\IWindow.h" />
    <ClInclude Include="Source\Window\Header\WindowsWindow.h" />
    <ClInclude Include="Source\Renderer\Header\VulkanSwapchain.h" />
    <ClInclude Include="Source\Renderer\Header\VulkanShaderModule.h" />
    <ClInclude Include="Source\Renderer\Header\VulkanRenderPass.h" />
    <ClInclude Include="Source\Renderer\Header\VulkanQueueFamilyIndices.h" />
    <ClInclude Include="Source\Renderer\Header\VulkanQueue.h" />
    <ClInclude Include="Source\Renderer\Header\VulkanInstance.h" />
    <ClInclude Include="Source\Renderer\Header\VulkanImage.h" />
    <ClInclude Include="Source\Renderer\Header\VulkanExtension.h" />
    <ClInclude Include="Source\Renderer\Header\VulkanDeviceChild.h" />
    <ClInclude Include="Source\Renderer\Header\VulkanDevice.h" />
    <ClInclude Include="Source\Renderer\Header\VulkanDescriptorSetLayout.h" />
    <ClInclude Include="Source\Renderer\Header\VulkanDebug.h" />
    <ClInclude Include="Source\Utility\Header\ManagedObject.h" />
    <ClInclude Include="Source\Utility\Header\Macro.h" />
    <ClInclude Include="Source\Application\Header\Application.h" />
    <ClInclude Include="TestScene.h" />
  </ItemGroup>
</Project>